
Microsoft Visual Studio Solution File, Format Version 12.00
# Visual Studio Version 16
VisualStudioVersion = 16.0.29503.13
MinimumVisualStudioVersion = 10.0.40219.1
Project("{888888A0-9F3D-457C-B088-3A5042F75D52}") = "BoardGames", "BoardGames.pyproj", "{A055496A-F8E8-483B-A9F2-C08B0A073E7A}"
EndProject
Global
	GlobalSection(SolutionConfigurationPlatforms) = preSolution
		Debug|Any CPU = Debug|Any CPU
		Release|Any CPU = Release|Any CPU
	EndGlobalSection
	GlobalSection(ProjectConfigurationPlatforms) = postSolution
		{A055496A-F8E8-483B-A9F2-C08B0A073E7A}.Debug|Any CPU.ActiveCfg = Debug|Any CPU
		{A055496A-F8E8-483B-A9F2-C08B0A073E7A}.Release|Any CPU.ActiveCfg = Release|Any CPU
	EndGlobalSection
	GlobalSection(SolutionProperties) = preSolution
		HideSolutionNode = FALSE
	EndGlobalSection
	GlobalSection(ExtensibilityGlobals) = postSolution
		SolutionGuid = {87C58C6E-867B-42D9-AAFC-2671F29E6509}
	EndGlobalSection
EndGlobal
